
Microsoft Visual Studio Solution File, Format Version 12.00
# Visual Studio Version 16
VisualStudioVersion = 16.0.31205.134
MinimumVisualStudioVersion = 10.0.40219.1
Project("{FAE04EC0-301F-11D3-BF4B-00C04F79EFBC}") = "REPO2 VISUAL", "REPO2 VISUAL\REPO2 VISUAL.csproj", "{CBB6EDA2-7B39-42B9-8493-1899CD85B586}"
EndProject
Global
	GlobalSection(SolutionConfigurationPlatforms) = preSolution
		Debug|Any CPU = Debug|Any CPU
		Release|Any CPU = Release|Any CPU
	EndGlobalSection
	GlobalSection(ProjectConfigurationPlatforms) = postSolution
		{CBB6EDA2-7B39-42B9-8493-1899CD85B586}.Debug|Any CPU.ActiveCfg = Debug|Any CPU
		{CBB6EDA2-7B39-42B9-8493-1899CD85B586}.Debug|Any CPU.Build.0 = Debug|Any CPU
		{CBB6EDA2-7B39-42B9-8493-1899CD85B586}.Release|Any CPU.ActiveCfg = Release|Any CPU
		{CBB6EDA2-7B39-42B9-8493-1899CD85B586}.Release|Any CPU.Build.0 = Release|Any CPU
	EndGlobalSection
	GlobalSection(SolutionProperties) = preSolution
		HideSolutionNode = FALSE
	EndGlobalSection
	GlobalSection(ExtensibilityGlobals) = postSolution
		SolutionGuid = {819F7353-E4AB-4530-A511-02618DB749A9}
	EndGlobalSection
EndGlobal
